
Microsoft Visual Studio Solution File, Format Version 12.00
# Visual Studio Version 17
VisualStudioVersion = 17.8.34408.163
MinimumVisualStudioVersion = 10.0.40219.1
Project("{FAE04EC0-301F-11D3-BF4B-00C04F79EFBC}") = "TodoApi", "TodoApi\TodoApi.csproj", "{0FBB534F-5577-4F5E-8695-78E6DBB63182}"
EndProject
Global
	GlobalSection(SolutionConfigurationPlatforms) = preSolution
		Debug|Any CPU = Debug|Any CPU
		Release|Any CPU = Release|Any CPU
	EndGlobalSection
	GlobalSection(ProjectConfigurationPlatforms) = postSolution
		{0FBB534F-5577-4F5E-8695-78E6DBB63182}.Debug|Any CPU.ActiveCfg = Debug|Any CPU
		{0FBB534F-5577-4F5E-8695-78E6DBB63182}.Debug|Any CPU.Build.0 = Debug|Any CPU
		{0FBB534F-5577-4F5E-8695-78E6DBB63182}.Release|Any CPU.ActiveCfg = Release|Any CPU
		{0FBB534F-5577-4F5E-8695-78E6DBB63182}.Release|Any CPU.Build.0 = Release|Any CPU
	EndGlobalSection
	GlobalSection(SolutionProperties) = preSolution
		HideSolutionNode = FALSE
	EndGlobalSection
	GlobalSection(ExtensibilityGlobals) = postSolution
		SolutionGuid = {DD2E04C1-8B1F-4166-A942-3315D4DE7E46}
	EndGlobalSection
EndGlobal
